PODS:
  - Alamofire (5.5.0)
  - Kingfisher (7.2.1)

DEPENDENCIES:
  - Alamofire
  - Kingfisher (~> 7.0)

SPEC REPOS:
  trunk:
    - Alamofire
    - Kingfisher

SPEC CHECKSUMS:
  Alamofire: 1c4fb5369c3fe93d2857c780d8bbe09f06f97e7c
  Kingfisher: 7c084bebf7d548c623ad41bcf765fb200efed369

PODFILE CHECKSUM: 23aa3daaf14dec467974bb28cd1030dfe937c093

COCOAPODS: 1.11.3
